PODS:
  - Charts (4.1.0):
    - Charts/Core (= 4.1.0)
  - Charts/Core (4.1.0):
    - SwiftAlgorithms (~> 1.0)
  - SwiftAlgorithms (1.0.0)
  - SwiftLint (0.54.0)

DEPENDENCIES:
  - Charts
  - SwiftLint

SPEC REPOS:
  trunk:
    - Charts
    - SwiftAlgorithms
    - SwiftLint

SPEC CHECKSUMS:
  Charts: ce0768268078eee0336f122c3c4ca248e4e204c5
  SwiftAlgorithms: 38dda4731d19027fdeee1125f973111bf3386b53
  SwiftLint: c1de071d9d08c8aba837545f6254315bc900e211

PODFILE CHECKSUM: 9ef8db22e435faf134550a4e0d337e0daaf0016c

COCOAPODS: 1.11.3
