{
  "pins" : [
    {
      "identity" : "kingfisher",
      "kind" : "remoteSourceControl",
      "location" : "https://github.com/onevcat/Kingfisher",
      "state" : {
        "revision" : "277f1ab2c6664b19b4a412e32b094b201e2d5757",
        "version" : "7.10.0"
      }
    },
    {
      "identity" : "xcastocksapi",
      "kind" : "remoteSourceControl",
      "location" : "https://github.com/alfianlosari/XCAStocksAPI.git",
      "state" : {
        "branch" : "main",
        "revision" : "2b2116f70ac12727a8e17918ea3e94fd5687bd0e"
      }
    }
  ],
  "version" : 2
}
